// !$*UTF8*$!
{
	archiveVersion = 1;
	classes = {
	};
	objectVersion = 77;
	objects = {

/* Begin PBXBuildFile section */
		1D621DF105F605679102BC49 /* SummaryKit in Frameworks */ = {isa = PBXBuildFile; productRef = A1CB03EEFAFEA45C83BAA179 /* SummaryKit */; };
		417B14FB1903DB990D63171C /* Contracts in Frameworks */ = {isa = PBXBuildFile; productRef = 00A868F6569AB2CEB8E248D8 /* Contracts */; };
		5CCB51210AF4B5E5C8AF12C5 /* AppUI in Frameworks */ = {isa = PBXBuildFile; productRef = 368E8202ACCE8E40BA3C275A /* AppUI */; };
		8A0BF72351465D09B80E29A3 /* LocalVoiceRecApp.swift in Sources */ = {isa = PBXBuildFile; fileRef = D6C0A6887A8011C76DEA3972 /* LocalVoiceRecApp.swift */; };
		94F91E00436024856719F830 /* DataStore in Frameworks */ = {isa = PBXBuildFile; productRef = 52A3A69E19019BE9568584BA /* DataStore */; };
		97FAF476FCE65EAA39863BB3 /* TranscriptionKit in Frameworks */ = {isa = PBXBuildFile; productRef = 15FFD05C0889C4D8E1BA3929 /* TranscriptionKit */; };
		ADC02C4A099ECF84D9BB5AA5 /* AudioCapture in Frameworks */ = {isa = PBXBuildFile; productRef = DDE5E48EF2BF591F6B1D1A8B /* AudioCapture */; };
/* End PBXBuildFile section */

/* Begin PBXFileReference section */
		35F4E9E06A2AE416E97466D4 /* Info.plist */ = {isa = PBXFileReference; lastKnownFileType = text.plist; path = Info.plist; sourceTree = "<group>"; };
		94A96FEBB9457FFFA29AFC8A /* localVoiceRec.entitlements */ = {isa = PBXFileReference; lastKnownFileType = text.plist.entitlements; path = localVoiceRec.entitlements; sourceTree = "<group>"; };
		BD5FE35D163059E23A05ECD3 /* localVoiceRec */ = {isa = PBXFileReference; lastKnownFileType = folder; name = localVoiceRec; path = .; sourceTree = SOURCE_ROOT; };
		D6C0A6887A8011C76DEA3972 /* LocalVoiceRecApp.swift */ = {isa = PBXFileReference; lastKnownFileType = sourcecode.swift; path = LocalVoiceRecApp.swift; sourceTree = "<group>"; };
		FA5F2583B57E612781C0F7A1 /* localVoiceRec.app */ = {isa = PBXFileReference; explicitFileType = wrapper.application; includeInIndex = 0; path = localVoiceRec.app; sourceTree = BUILT_PRODUCTS_DIR; };
/* End PBXFileReference section */

/* Begin PBXFrameworksBuildPhase section */
		C24E29F20D075BBF2735EE20 /* Frameworks */ = {
			isa = PBXFrameworksBuildPhase;
			buildActionMask = 2147483647;
			files = (
				5CCB51210AF4B5E5C8AF12C5 /* AppUI in Frameworks */,
				ADC02C4A099ECF84D9BB5AA5 /* AudioCapture in Frameworks */,
				94F91E00436024856719F830 /* DataStore in Frameworks */,
				97FAF476FCE65EAA39863BB3 /* TranscriptionKit in Frameworks */,
				1D621DF105F605679102BC49 /* SummaryKit in Frameworks */,
				417B14FB1903DB990D63171C /* Contracts in Frameworks */,
			);
			runOnlyForDeploymentPostprocessing = 0;
		};
/* End PBXFrameworksBuildPhase section */

/* Begin PBXGroup section */
		07A1231014E4C9A0F3FBCF93 = {
			isa = PBXGroup;
			children = (
				DC5F4A21371419B19F71CE27 /* App */,
				E77B5DBF4ABA2DDB924101E5 /* Packages */,
				FDC526C7A89FD9C54C983810 /* Products */,
			);
			sourceTree = "<group>";
		};
		DC5F4A21371419B19F71CE27 /* App */ = {
			isa = PBXGroup;
			children = (
				35F4E9E06A2AE416E97466D4 /* Info.plist */,
				94A96FEBB9457FFFA29AFC8A /* localVoiceRec.entitlements */,
				D6C0A6887A8011C76DEA3972 /* LocalVoiceRecApp.swift */,
			);
			path = App;
			sourceTree = "<group>";
		};
		E77B5DBF4ABA2DDB924101E5 /* Packages */ = {
			isa = PBXGroup;
			children = (
				BD5FE35D163059E23A05ECD3 /* localVoiceRec */,
			);
			name = Packages;
			sourceTree = "<group>";
		};
		FDC526C7A89FD9C54C983810 /* Products */ = {
			isa = PBXGroup;
			children = (
				FA5F2583B57E612781C0F7A1 /* localVoiceRec.app */,
			);
			name = Products;
			sourceTree = "<group>";
		};
/* End PBXGroup section */

/* Begin PBXNativeTarget section */
		BA48939A380C6D63CCCB9D92 /* localVoiceRec */ = {
			isa = PBXNativeTarget;
			buildConfigurationList = 669752CED896E76523682899 /* Build configuration list for PBXNativeTarget "localVoiceRec" */;
			buildPhases = (
				B2A295E6D5F28DA21E0DD78B /* Sources */,
				C24E29F20D075BBF2735EE20 /* Frameworks */,
			);
			buildRules = (
			);
			dependencies = (
			);
			name = localVoiceRec;
			packageProductDependencies = (
				368E8202ACCE8E40BA3C275A /* AppUI */,
				DDE5E48EF2BF591F6B1D1A8B /* AudioCapture */,
				52A3A69E19019BE9568584BA /* DataStore */,
				15FFD05C0889C4D8E1BA3929 /* TranscriptionKit */,
				A1CB03EEFAFEA45C83BAA179 /* SummaryKit */,
				00A868F6569AB2CEB8E248D8 /* Contracts */,
			);
			productName = localVoiceRec;
			productReference = FA5F2583B57E612781C0F7A1 /* localVoiceRec.app */;
			productType = "com.apple.product-type.application";
		};
/* End PBXNativeTarget section */

/* Begin PBXProject section */
		08F7D45B64E853A4FD9E3F2E /* Project object */ = {
			isa = PBXProject;
			attributes = {
				BuildIndependentTargetsInParallel = YES;
				LastUpgradeCheck = 1430;
				TargetAttributes = {
					BA48939A380C6D63CCCB9D92 = {
						DevelopmentTeam = "";
						ProvisioningStyle = Automatic;
					};
				};
			};
			buildConfigurationList = E590E55B5FFCD5682232D136 /* Build configuration list for PBXProject "localVoiceRec" */;
			developmentRegion = en;
			hasScannedForEncodings = 0;
			knownRegions = (
				Base,
				en,
			);
			mainGroup = 07A1231014E4C9A0F3FBCF93;
			minimizedProjectReferenceProxies = 1;
			packageReferences = (
				E78201A2BC0EF193E3F4386D /* XCLocalSwiftPackageReference "." */,
			);
			preferredProjectObjectVersion = 77;
			productRefGroup = FDC526C7A89FD9C54C983810 /* Products */;
			projectDirPath = "";
			projectRoot = "";
			targets = (
				BA48939A380C6D63CCCB9D92 /* localVoiceRec */,
			);
		};
/* End PBXProject section */

/* Begin PBXSourcesBuildPhase section */
		B2A295E6D5F28DA21E0DD78B /* Sources */ = {
			isa = PBXSourcesBuildPhase;
			buildActionMask = 2147483647;
			files = (
				8A0BF72351465D09B80E29A3 /* LocalVoiceRecApp.swift in Sources */,
			);
			runOnlyForDeploymentPostprocessing = 0;
		};
/* End PBXSourcesBuildPhase section */

/* Begin XCBuildConfiguration section */
		40A1BC2C52CA29D94157C3A5 /* Debug */ = {
			isa = XCBuildConfiguration;
			buildSettings = {
				ASSETCATALOG_COMPILER_APPICON_NAME = AppIcon;
				CODE_SIGN_ENTITLEMENTS = App/localVoiceRec.entitlements;
				CODE_SIGN_IDENTITY = "-";
				CODE_SIGN_STYLE = Automatic;
				COMBINE_HIDPI_IMAGES = YES;
				DEVELOPMENT_TEAM = "";
				ENABLE_HARDENED_RUNTIME = YES;
				INFOPLIST_FILE = App/Info.plist;
				LD_RUNPATH_SEARCH_PATHS = (
					"$(inherited)",
					"@executable_path/../Frameworks",
				);
				MACOSX_DEPLOYMENT_TARGET = 26.0;
				PRODUCT_BUNDLE_IDENTIFIER = com.example.localVoiceRec;
				PRODUCT_NAME = localVoiceRec;
				SDKROOT = macosx;
			};
			name = Debug;
		};
		4F6141AE6A84D2319E6BEC71 /* Release */ = {
			isa = XCBuildConfiguration;
			buildSettings = {
				ASSETCATALOG_COMPILER_APPICON_NAME = AppIcon;
				CODE_SIGN_ENTITLEMENTS = App/localVoiceRec.entitlements;
				CODE_SIGN_IDENTITY = "-";
				CODE_SIGN_STYLE = Automatic;
				COMBINE_HIDPI_IMAGES = YES;
				DEVELOPMENT_TEAM = "";
				ENABLE_HARDENED_RUNTIME = YES;
				INFOPLIST_FILE = App/Info.plist;
				LD_RUNPATH_SEARCH_PATHS = (
					"$(inherited)",
					"@executable_path/../Frameworks",
				);
				MACOSX_DEPLOYMENT_TARGET = 26.0;
				PRODUCT_BUNDLE_IDENTIFIER = com.example.localVoiceRec;
				PRODUCT_NAME = localVoiceRec;
				SDKROOT = macosx;
			};
			name = Release;
		};
		775D7611A06B3FA19C3F6C74 /* Debug */ = {
			isa = XCBuildConfiguration;
			buildSettings = {
				ALWAYS_SEARCH_USER_PATHS = NO;
				CLANG_ANALYZER_NONNULL = YES;
				CLANG_ANALYZER_NUMBER_OBJECT_CONVERSION = YES_AGGRESSIVE;
				CLANG_CXX_LANGUAGE_STANDARD = "gnu++14";
				CLANG_CXX_LIBRARY = "libc++";
				CLANG_ENABLE_MODULES = YES;
				CLANG_ENABLE_OBJC_ARC = YES;
				CLANG_ENABLE_OBJC_WEAK = YES;
				CLANG_WARN_BLOCK_CAPTURE_AUTORELEASING = YES;
				CLANG_WARN_BOOL_CONVERSION = YES;
				CLANG_WARN_COMMA = YES;
				CLANG_WARN_CONSTANT_CONVERSION = YES;
				CLANG_WARN_DEPRECATED_OBJC_IMPLEMENTATIONS = YES;
				CLANG_WARN_DIRECT_OBJC_ISA_USAGE = YES_ERROR;
				CLANG_WARN_DOCUMENTATION_COMMENTS = YES;
				CLANG_WARN_EMPTY_BODY = YES;
				CLANG_WARN_ENUM_CONVERSION = YES;
				CLANG_WARN_INFINITE_RECURSION = YES;
				CLANG_WARN_INT_CONVERSION = YES;
				CLANG_WARN_NON_LITERAL_NULL_CONVERSION = YES;
				CLANG_WARN_OBJC_IMPLICIT_RETAIN_SELF = YES;
				CLANG_WARN_OBJC_LITERAL_CONVERSION = YES;
				CLANG_WARN_OBJC_ROOT_CLASS = YES_ERROR;
				CLANG_WARN_QUOTED_INCLUDE_IN_FRAMEWORK_HEADER = YES;
				CLANG_WARN_RANGE_LOOP_ANALYSIS = YES;
				CLANG_WARN_STRICT_PROTOTYPES = YES;
				CLANG_WARN_SUSPICIOUS_MOVE = YES;
				CLANG_WARN_UNGUARDED_AVAILABILITY = YES_AGGRESSIVE;
				CLANG_WARN_UNREACHABLE_CODE = YES;
				CLANG_WARN__DUPLICATE_METHOD_MATCH = YES;
				COPY_PHASE_STRIP = NO;
				DEBUG_INFORMATION_FORMAT = dwarf;
				ENABLE_STRICT_OBJC_MSGSEND = YES;
				ENABLE_TESTABILITY = YES;
				ENABLE_USER_SCRIPT_SANDBOXING = YES;
				GCC_C_LANGUAGE_STANDARD = gnu11;
				GCC_DYNAMIC_NO_PIC = NO;
				GCC_NO_COMMON_BLOCKS = YES;
				GCC_OPTIMIZATION_LEVEL = 0;
				GCC_PREPROCESSOR_DEFINITIONS = (
					"$(inherited)",
					"DEBUG=1",
				);
				GCC_WARN_64_TO_32_BIT_CONVERSION = YES;
				GCC_WARN_ABOUT_RETURN_TYPE = YES_ERROR;
				GCC_WARN_UNDECLARED_SELECTOR = YES;
				GCC_WARN_UNINITIALIZED_AUTOS = YES_AGGRESSIVE;
				GCC_WARN_UNUSED_FUNCTION = YES;
				GCC_WARN_UNUSED_VARIABLE = YES;
				MACOSX_DEPLOYMENT_TARGET = 26.0;
				MTL_ENABLE_DEBUG_INFO = INCLUDE_SOURCE;
				MTL_FAST_MATH = YES;
				ONLY_ACTIVE_ARCH = YES;
				PRODUCT_NAME = "$(TARGET_NAME)";
				SDKROOT = macosx;
				SWIFT_ACTIVE_COMPILATION_CONDITIONS = DEBUG;
				SWIFT_OPTIMIZATION_LEVEL = "-Onone";
				SWIFT_STRICT_CONCURRENCY = complete;
				SWIFT_VERSION = 6.0;
			};
			name = Debug;
		};
		7E99D8F9FAA8DC5E34072598 /* Release */ = {
			isa = XCBuildConfiguration;
			buildSettings = {
				ALWAYS_SEARCH_USER_PATHS = NO;
				CLANG_ANALYZER_NONNULL = YES;
				CLANG_ANALYZER_NUMBER_OBJECT_CONVERSION = YES_AGGRESSIVE;
				CLANG_CXX_LANGUAGE_STANDARD = "gnu++14";
				CLANG_CXX_LIBRARY = "libc++";
				CLANG_ENABLE_MODULES = YES;
				CLANG_ENABLE_OBJC_ARC = YES;
				CLANG_ENABLE_OBJC_WEAK = YES;
				CLANG_WARN_BLOCK_CAPTURE_AUTORELEASING = YES;
				CLANG_WARN_BOOL_CONVERSION = YES;
				CLANG_WARN_COMMA = YES;
				CLANG_WARN_CONSTANT_CONVERSION = YES;
				CLANG_WARN_DEPRECATED_OBJC_IMPLEMENTATIONS = YES;
				CLANG_WARN_DIRECT_OBJC_ISA_USAGE = YES_ERROR;
				CLANG_WARN_DOCUMENTATION_COMMENTS = YES;
				CLANG_WARN_EMPTY_BODY = YES;
				CLANG_WARN_ENUM_CONVERSION = YES;
				CLANG_WARN_INFINITE_RECURSION = YES;
				CLANG_WARN_INT_CONVERSION = YES;
				CLANG_WARN_NON_LITERAL_NULL_CONVERSION = YES;
				CLANG_WARN_OBJC_IMPLICIT_RETAIN_SELF = YES;
				CLANG_WARN_OBJC_LITERAL_CONVERSION = YES;
				CLANG_WARN_OBJC_ROOT_CLASS = YES_ERROR;
				CLANG_WARN_QUOTED_INCLUDE_IN_FRAMEWORK_HEADER = YES;
				CLANG_WARN_RANGE_LOOP_ANALYSIS = YES;
				CLANG_WARN_STRICT_PROTOTYPES = YES;
				CLANG_WARN_SUSPICIOUS_MOVE = YES;
				CLANG_WARN_UNGUARDED_AVAILABILITY = YES_AGGRESSIVE;
				CLANG_WARN_UNREACHABLE_CODE = YES;
				CLANG_WARN__DUPLICATE_METHOD_MATCH = YES;
				COPY_PHASE_STRIP = NO;
				DEBUG_INFORMATION_FORMAT = "dwarf-with-dsym";
				ENABLE_NS_ASSERTIONS = NO;
				ENABLE_STRICT_OBJC_MSGSEND = YES;
				ENABLE_USER_SCRIPT_SANDBOXING = YES;
				GCC_C_LANGUAGE_STANDARD = gnu11;
				GCC_NO_COMMON_BLOCKS = YES;
				GCC_WARN_64_TO_32_BIT_CONVERSION = YES;
				GCC_WARN_ABOUT_RETURN_TYPE = YES_ERROR;
				GCC_WARN_UNDECLARED_SELECTOR = YES;
				GCC_WARN_UNINITIALIZED_AUTOS = YES_AGGRESSIVE;
				GCC_WARN_UNUSED_FUNCTION = YES;
				GCC_WARN_UNUSED_VARIABLE = YES;
				MACOSX_DEPLOYMENT_TARGET = 26.0;
				MTL_ENABLE_DEBUG_INFO = NO;
				MTL_FAST_MATH = YES;
				PRODUCT_NAME = "$(TARGET_NAME)";
				SDKROOT = macosx;
				SWIFT_COMPILATION_MODE = wholemodule;
				SWIFT_OPTIMIZATION_LEVEL = "-O";
				SWIFT_STRICT_CONCURRENCY = complete;
				SWIFT_VERSION = 6.0;
			};
			name = Release;
		};
/* End XCBuildConfiguration section */

/* Begin XCConfigurationList section */
		669752CED896E76523682899 /* Build configuration list for PBXNativeTarget "localVoiceRec" */ = {
			isa = XCConfigurationList;
			buildConfigurations = (
				40A1BC2C52CA29D94157C3A5 /* Debug */,
				4F6141AE6A84D2319E6BEC71 /* Release */,
			);
			defaultConfigurationIsVisible = 0;
			defaultConfigurationName = Debug;
		};
		E590E55B5FFCD5682232D136 /* Build configuration list for PBXProject "localVoiceRec" */ = {
			isa = XCConfigurationList;
			buildConfigurations = (
				775D7611A06B3FA19C3F6C74 /* Debug */,
				7E99D8F9FAA8DC5E34072598 /* Release */,
			);
			defaultConfigurationIsVisible = 0;
			defaultConfigurationName = Debug;
		};
/* End XCConfigurationList section */

/* Begin XCLocalSwiftPackageReference section */
		E78201A2BC0EF193E3F4386D /* XCLocalSwiftPackageReference "." */ = {
			isa = XCLocalSwiftPackageReference;
			relativePath = .;
		};
/* End XCLocalSwiftPackageReference section */

/* Begin XCSwiftPackageProductDependency section */
		00A868F6569AB2CEB8E248D8 /* Contracts */ = {
			isa = XCSwiftPackageProductDependency;
			productName = Contracts;
		};
		15FFD05C0889C4D8E1BA3929 /* TranscriptionKit */ = {
			isa = XCSwiftPackageProductDependency;
			productName = TranscriptionKit;
		};
		368E8202ACCE8E40BA3C275A /* AppUI */ = {
			isa = XCSwiftPackageProductDependency;
			productName = AppUI;
		};
		52A3A69E19019BE9568584BA /* DataStore */ = {
			isa = XCSwiftPackageProductDependency;
			productName = DataStore;
		};
		A1CB03EEFAFEA45C83BAA179 /* SummaryKit */ = {
			isa = XCSwiftPackageProductDependency;
			productName = SummaryKit;
		};
		DDE5E48EF2BF591F6B1D1A8B /* AudioCapture */ = {
			isa = XCSwiftPackageProductDependency;
			productName = AudioCapture;
		};
/* End XCSwiftPackageProductDependency section */
	};
	rootObject = 08F7D45B64E853A4FD9E3F2E /* Project object */;
}
